
Microsoft Visual Studio Solution File, Format Version 12.00
# Visual Studio Version 16
VisualStudioVersion = 16.0.29020.237
MinimumVisualStudioVersion = 10.0.40219.1
Project("{FAE04EC0-301F-11D3-BF4B-00C04F79EFBC}") = "WebApp", "WebApp\WebApp.csproj", "{F884A561-BA6F-4CFA-A39D-203B006CAB89}"
EndProject
Global
	GlobalSection(SolutionConfigurationPlatforms) = preSolution
		Debug|Any CPU = Debug|Any CPU
		Release|Any CPU = Release|Any CPU
	EndGlobalSection
	GlobalSection(ProjectConfigurationPlatforms) = postSolution
		{F884A561-BA6F-4CFA-A39D-203B006CAB89}.Debug|Any CPU.ActiveCfg = Debug|Any CPU
		{F884A561-BA6F-4CFA-A39D-203B006CAB89}.Debug|Any CPU.Build.0 = Debug|Any CPU
		{F884A561-BA6F-4CFA-A39D-203B006CAB89}.Release|Any CPU.ActiveCfg = Release|Any CPU
		{F884A561-BA6F-4CFA-A39D-203B006CAB89}.Release|Any CPU.Build.0 = Release|Any CPU
	EndGlobalSection
	GlobalSection(SolutionProperties) = preSolution
		HideSolutionNode = FALSE
	EndGlobalSection
	GlobalSection(ExtensibilityGlobals) = postSolution
		SolutionGuid = {C4C0EC0A-75C6-4D54-9E5D-ABFD69A8CFA0}
	EndGlobalSection
EndGlobal
